// !$*UTF8*$!
{
	archiveVersion = 1;
	classes = {
	};
	objectVersion = 55;
	objects = {

/* Begin PBXBuildFile section */
		38CC589AFA39874D94367A4D /* Pods_meta_capstone_meta_capstoneUITests.framework in Frameworks */ = {isa = PBXBuildFile; fileRef = 7894B316BD913CD2FE7F9EE5 /* Pods_meta_capstone_meta_capstoneUITests.framework */; };
		7E07F3C72874B95C008DFE55 /* AppDelegate.m in Sources */ = {isa = PBXBuildFile; fileRef = 7E07F3C62874B95C008DFE55 /* AppDelegate.m */; };
		7E07F3CA2874B95C008DFE55 /* SceneDelegate.m in Sources */ = {isa = PBXBuildFile; fileRef = 7E07F3C92874B95C008DFE55 /* SceneDelegate.m */; };
		7E07F3D02874B95C008DFE55 /* Main.storyboard in Resources */ = {isa = PBXBuildFile; fileRef = 7E07F3CE2874B95C008DFE55 /* Main.storyboard */; };
		7E07F3D22874B95D008DFE55 /* Assets.xcassets in Resources */ = {isa = PBXBuildFile; fileRef = 7E07F3D12874B95D008DFE55 /* Assets.xcassets */; };
		7E07F3D52874B95D008DFE55 /* LaunchScreen.storyboard in Resources */ = {isa = PBXBuildFile; fileRef = 7E07F3D32874B95D008DFE55 /* LaunchScreen.storyboard */; };
		7E07F3D82874B95D008DFE55 /* main.m in Sources */ = {isa = PBXBuildFile; fileRef = 7E07F3D72874B95D008DFE55 /* main.m */; };
		7E07F3E22874B95D008DFE55 /* meta_capstoneTests.m in Sources */ = {isa = PBXBuildFile; fileRef = 7E07F3E12874B95D008DFE55 /* meta_capstoneTests.m */; };
		7E07F3EC2874B95D008DFE55 /* meta_capstoneUITests.m in Sources */ = {isa = PBXBuildFile; fileRef = 7E07F3EB2874B95D008DFE55 /* meta_capstoneUITests.m */; };
		7E07F3EE2874B95D008DFE55 /* meta_capstoneUITestsLaunchTests.m in Sources */ = {isa = PBXBuildFile; fileRef = 7E07F3ED2874B95D008DFE55 /* meta_capstoneUITestsLaunchTests.m */; };
		7E29961D2874BF0D00940B99 /* LoginViewController.m in Sources */ = {isa = PBXBuildFile; fileRef = 7E29961C2874BF0D00940B99 /* LoginViewController.m */; };
		7E2996202874D6CD00940B99 /* GamesViewController.m in Sources */ = {isa = PBXBuildFile; fileRef = 7E29961F2874D6CD00940B99 /* GamesViewController.m */; };
		7E2996232874D6EB00940B99 /* LeaderboardViewController.m in Sources */ = {isa = PBXBuildFile; fileRef = 7E2996222874D6EB00940B99 /* LeaderboardViewController.m */; };
		7E2996262874D70B00940B99 /* SelfProfileViewController.m in Sources */ = {isa = PBXBuildFile; fileRef = 7E2996252874D70B00940B99 /* SelfProfileViewController.m */; };
		7E2996292874D71C00940B99 /* SettingsViewController.m in Sources */ = {isa = PBXBuildFile; fileRef = 7E2996282874D71C00940B99 /* SettingsViewController.m */; };
		807BDA1571383951FC66A50C /* Pods_meta_capstoneTests.framework in Frameworks */ = {isa = PBXBuildFile; fileRef = 392B41199053CF98C3CA7144 /* Pods_meta_capstoneTests.framework */; };
		8D69A46299E92FF3E94639A9 /* Pods_meta_capstone.framework in Frameworks */ = {isa = PBXBuildFile; fileRef = 8C8C0553A4D2C202E659169C /* Pods_meta_capstone.framework */; };
/* End PBXBuildFile section */

/* Begin PBXContainerItemProxy section */
		7E07F3DE2874B95D008DFE55 /* PBXContainerItemProxy */ = {
			isa = PBXContainerItemProxy;
			containerPortal = 7E07F3BA2874B95C008DFE55 /* Project object */;
			proxyType = 1;
			remoteGlobalIDString = 7E07F3C12874B95C008DFE55;
			remoteInfo = meta_capstone;
		};
		7E07F3E82874B95D008DFE55 /* PBXContainerItemProxy */ = {
			isa = PBXContainerItemProxy;
			containerPortal = 7E07F3BA2874B95C008DFE55 /* Project object */;
			proxyType = 1;
			remoteGlobalIDString = 7E07F3C12874B95C008DFE55;
			remoteInfo = meta_capstone;
		};
/* End PBXContainerItemProxy section */

/* Begin PBXFileReference section */
		30A30C5805962402C98DAD5B /* Pods-meta_capstoneTests.release.xcconfig */ = {isa = PBXFileReference; includeInIndex = 1; lastKnownFileType = text.xcconfig; name = "Pods-meta_capstoneTests.release.xcconfig"; path = "Target Support Files/Pods-meta_capstoneTests/Pods-meta_capstoneTests.release.xcconfig"; sourceTree = "<group>"; };
		35D670C246A3B61D29B0BE8B /* Pods-meta_capstone-meta_capstoneUITests.debug.xcconfig */ = {isa = PBXFileReference; includeInIndex = 1; lastKnownFileType = text.xcconfig; name = "Pods-meta_capstone-meta_capstoneUITests.debug.xcconfig"; path = "Target Support Files/Pods-meta_capstone-meta_capstoneUITests/Pods-meta_capstone-meta_capstoneUITests.debug.xcconfig"; sourceTree = "<group>"; };
		392B41199053CF98C3CA7144 /* Pods_meta_capstoneTests.framework */ = {isa = PBXFileReference; explicitFileType = wrapper.framework; includeInIndex = 0; path = Pods_meta_capstoneTests.framework; sourceTree = BUILT_PRODUCTS_DIR; };
		3A0064E90409A061FED3AAA1 /* Pods-meta_capstone.debug.xcconfig */ = {isa = PBXFileReference; includeInIndex = 1; lastKnownFileType = text.xcconfig; name = "Pods-meta_capstone.debug.xcconfig"; path = "Target Support Files/Pods-meta_capstone/Pods-meta_capstone.debug.xcconfig"; sourceTree = "<group>"; };
		3BA2E3E8186259EB3DCFF9BE /* Pods-meta_capstone.release.xcconfig */ = {isa = PBXFileReference; includeInIndex = 1; lastKnownFileType = text.xcconfig; name = "Pods-meta_capstone.release.xcconfig"; path = "Target Support Files/Pods-meta_capstone/Pods-meta_capstone.release.xcconfig"; sourceTree = "<group>"; };
		6E8185BEB9BE0D0D2C022AE6 /* Pods-meta_capstone-meta_capstoneUITests.release.xcconfig */ = {isa = PBXFileReference; includeInIndex = 1; lastKnownFileType = text.xcconfig; name = "Pods-meta_capstone-meta_capstoneUITests.release.xcconfig"; path = "Target Support Files/Pods-meta_capstone-meta_capstoneUITests/Pods-meta_capstone-meta_capstoneUITests.release.xcconfig"; sourceTree = "<group>"; };
		7894B316BD913CD2FE7F9EE5 /* Pods_meta_capstone_meta_capstoneUITests.framework */ = {isa = PBXFileReference; explicitFileType = wrapper.framework; includeInIndex = 0; path = Pods_meta_capstone_meta_capstoneUITests.framework; sourceTree = BUILT_PRODUCTS_DIR; };
		7E07F3C22874B95C008DFE55 /* meta_capstone.app */ = {isa = PBXFileReference; explicitFileType = wrapper.application; includeInIndex = 0; path = meta_capstone.app; sourceTree = BUILT_PRODUCTS_DIR; };
		7E07F3C52874B95C008DFE55 /* AppDelegate.h */ = {isa = PBXFileReference; lastKnownFileType = sourcecode.c.h; path = AppDelegate.h; sourceTree = "<group>"; };
		7E07F3C62874B95C008DFE55 /* AppDelegate.m */ = {isa = PBXFileReference; lastKnownFileType = sourcecode.c.objc; path = AppDelegate.m; sourceTree = "<group>"; };
		7E07F3C82874B95C008DFE55 /* SceneDelegate.h */ = {isa = PBXFileReference; lastKnownFileType = sourcecode.c.h; path = SceneDelegate.h; sourceTree = "<group>"; };
		7E07F3C92874B95C008DFE55 /* SceneDelegate.m */ = {isa = PBXFileReference; lastKnownFileType = sourcecode.c.objc; path = SceneDelegate.m; sourceTree = "<group>"; };
		7E07F3CF2874B95C008DFE55 /* Base */ = {isa = PBXFileReference; lastKnownFileType = file.storyboard; name = Base; path = Base.lproj/Main.storyboard; sourceTree = "<group>"; };
		7E07F3D12874B95D008DFE55 /* Assets.xcassets */ = {isa = PBXFileReference; lastKnownFileType = folder.assetcatalog; path = Assets.xcassets; sourceTree = "<group>"; };
		7E07F3D42874B95D008DFE55 /* Base */ = {isa = PBXFileReference; lastKnownFileType = file.storyboard; name = Base; path = Base.lproj/LaunchScreen.storyboard; sourceTree = "<group>"; };
		7E07F3D62874B95D008DFE55 /* Info.plist */ = {isa = PBXFileReference; lastKnownFileType = text.plist.xml; path = Info.plist; sourceTree = "<group>"; };
		7E07F3D72874B95D008DFE55 /* main.m */ = {isa = PBXFileReference; lastKnownFileType = sourcecode.c.objc; path = main.m; sourceTree = "<group>"; };
		7E07F3DD2874B95D008DFE55 /* meta_capstoneTests.xctest */ = {isa = PBXFileReference; explicitFileType = wrapper.cfbundle; includeInIndex = 0; path = meta_capstoneTests.xctest; sourceTree = BUILT_PRODUCTS_DIR; };
		7E07F3E12874B95D008DFE55 /* meta_capstoneTests.m */ = {isa = PBXFileReference; lastKnownFileType = sourcecode.c.objc; path = meta_capstoneTests.m; sourceTree = "<group>"; };
		7E07F3E72874B95D008DFE55 /* meta_capstoneUITests.xctest */ = {isa = PBXFileReference; explicitFileType = wrapper.cfbundle; includeInIndex = 0; path = meta_capstoneUITests.xctest; sourceTree = BUILT_PRODUCTS_DIR; };
		7E07F3EB2874B95D008DFE55 /* meta_capstoneUITests.m */ = {isa = PBXFileReference; lastKnownFileType = sourcecode.c.objc; path = meta_capstoneUITests.m; sourceTree = "<group>"; };
		7E07F3ED2874B95D008DFE55 /* meta_capstoneUITestsLaunchTests.m */ = {isa = PBXFileReference; lastKnownFileType = sourcecode.c.objc; path = meta_capstoneUITestsLaunchTests.m; sourceTree = "<group>"; };
		7E29961B2874BF0D00940B99 /* LoginViewController.h */ = {isa = PBXFileReference; lastKnownFileType = sourcecode.c.h; path = LoginViewController.h; sourceTree = "<group>"; };
		7E29961C2874BF0D00940B99 /* LoginViewController.m */ = {isa = PBXFileReference; lastKnownFileType = sourcecode.c.objc; path = LoginViewController.m; sourceTree = "<group>"; };
		7E29961E2874D6CD00940B99 /* GamesViewController.h */ = {isa = PBXFileReference; lastKnownFileType = sourcecode.c.h; path = GamesViewController.h; sourceTree = "<group>"; };
		7E29961F2874D6CD00940B99 /* GamesViewController.m */ = {isa = PBXFileReference; lastKnownFileType = sourcecode.c.objc; path = GamesViewController.m; sourceTree = "<group>"; };
		7E2996212874D6EB00940B99 /* LeaderboardViewController.h */ = {isa = PBXFileReference; lastKnownFileType = sourcecode.c.h; path = LeaderboardViewController.h; sourceTree = "<group>"; };
		7E2996222874D6EB00940B99 /* LeaderboardViewController.m */ = {isa = PBXFileReference; lastKnownFileType = sourcecode.c.objc; path = LeaderboardViewController.m; sourceTree = "<group>"; };
		7E2996242874D70B00940B99 /* SelfProfileViewController.h */ = {isa = PBXFileReference; lastKnownFileType = sourcecode.c.h; path = SelfProfileViewController.h; sourceTree = "<group>"; };
		7E2996252874D70B00940B99 /* SelfProfileViewController.m */ = {isa = PBXFileReference; lastKnownFileType = sourcecode.c.objc; path = SelfProfileViewController.m; sourceTree = "<group>"; };
		7E2996272874D71C00940B99 /* SettingsViewController.h */ = {isa = PBXFileReference; lastKnownFileType = sourcecode.c.h; path = SettingsViewController.h; sourceTree = "<group>"; };
		7E2996282874D71C00940B99 /* SettingsViewController.m */ = {isa = PBXFileReference; lastKnownFileType = sourcecode.c.objc; path = SettingsViewController.m; sourceTree = "<group>"; };
		7E29962A2874E8DF00940B99 /* meta_capstone.entitlements */ = {isa = PBXFileReference; lastKnownFileType = text.plist.entitlements; path = meta_capstone.entitlements; sourceTree = "<group>"; };
		8C8C0553A4D2C202E659169C /* Pods_meta_capstone.framework */ = {isa = PBXFileReference; explicitFileType = wrapper.framework; includeInIndex = 0; path = Pods_meta_capstone.framework; sourceTree = BUILT_PRODUCTS_DIR; };
		C42136471466BBEC7967B215 /* Pods-meta_capstoneTests.debug.xcconfig */ = {isa = PBXFileReference; includeInIndex = 1; lastKnownFileType = text.xcconfig; name = "Pods-meta_capstoneTests.debug.xcconfig"; path = "Target Support Files/Pods-meta_capstoneTests/Pods-meta_capstoneTests.debug.xcconfig"; sourceTree = "<group>"; };
/* End PBXFileReference section */

/* Begin PBXFrameworksBuildPhase section */
		7E07F3BF2874B95C008DFE55 /* Frameworks */ = {
			isa = PBXFrameworksBuildPhase;
			buildActionMask = 2147483647;
			files = (
				8D69A46299E92FF3E94639A9 /* Pods_meta_capstone.framework in Frameworks */,
			);
			runOnlyForDeploymentPostprocessing = 0;
		};
		7E07F3DA2874B95D008DFE55 /* Frameworks */ = {
			isa = PBXFrameworksBuildPhase;
			buildActionMask = 2147483647;
			files = (
				807BDA1571383951FC66A50C /* Pods_meta_capstoneTests.framework in Frameworks */,
			);
			runOnlyForDeploymentPostprocessing = 0;
		};
		7E07F3E42874B95D008DFE55 /* Frameworks */ = {
			isa = PBXFrameworksBuildPhase;
			buildActionMask = 2147483647;
			files = (
				38CC589AFA39874D94367A4D /* Pods_meta_capstone_meta_capstoneUITests.framework in Frameworks */,
			);
			runOnlyForDeploymentPostprocessing = 0;
		};
/* End PBXFrameworksBuildPhase section */

/* Begin PBXGroup section */
		535A4108D92A0BC1BC403494 /* Pods */ = {
			isa = PBXGroup;
			children = (
				3A0064E90409A061FED3AAA1 /* Pods-meta_capstone.debug.xcconfig */,
				3BA2E3E8186259EB3DCFF9BE /* Pods-meta_capstone.release.xcconfig */,
				35D670C246A3B61D29B0BE8B /* Pods-meta_capstone-meta_capstoneUITests.debug.xcconfig */,
				6E8185BEB9BE0D0D2C022AE6 /* Pods-meta_capstone-meta_capstoneUITests.release.xcconfig */,
				C42136471466BBEC7967B215 /* Pods-meta_capstoneTests.debug.xcconfig */,
				30A30C5805962402C98DAD5B /* Pods-meta_capstoneTests.release.xcconfig */,
			);
			path = Pods;
			sourceTree = "<group>";
		};
		5BEE4BD0900676158A306A1C /* Frameworks */ = {
			isa = PBXGroup;
			children = (
				8C8C0553A4D2C202E659169C /* Pods_meta_capstone.framework */,
				7894B316BD913CD2FE7F9EE5 /* Pods_meta_capstone_meta_capstoneUITests.framework */,
				392B41199053CF98C3CA7144 /* Pods_meta_capstoneTests.framework */,
			);
			name = Frameworks;
			sourceTree = "<group>";
		};
		7E07F3B92874B95C008DFE55 = {
			isa = PBXGroup;
			children = (
				7E07F3C42874B95C008DFE55 /* meta_capstone */,
				7E07F3E02874B95D008DFE55 /* meta_capstoneTests */,
				7E07F3EA2874B95D008DFE55 /* meta_capstoneUITests */,
				7E07F3C32874B95C008DFE55 /* Products */,
				535A4108D92A0BC1BC403494 /* Pods */,
				5BEE4BD0900676158A306A1C /* Frameworks */,
			);
			sourceTree = "<group>";
		};
		7E07F3C32874B95C008DFE55 /* Products */ = {
			isa = PBXGroup;
			children = (
				7E07F3C22874B95C008DFE55 /* meta_capstone.app */,
				7E07F3DD2874B95D008DFE55 /* meta_capstoneTests.xctest */,
				7E07F3E72874B95D008DFE55 /* meta_capstoneUITests.xctest */,
			);
			name = Products;
			sourceTree = "<group>";
		};
		7E07F3C42874B95C008DFE55 /* meta_capstone */ = {
			isa = PBXGroup;
			children = (
				7E29962A2874E8DF00940B99 /* meta_capstone.entitlements */,
				7E07F3C52874B95C008DFE55 /* AppDelegate.h */,
				7E07F3C62874B95C008DFE55 /* AppDelegate.m */,
				7E07F3C82874B95C008DFE55 /* SceneDelegate.h */,
				7E07F3C92874B95C008DFE55 /* SceneDelegate.m */,
				7E29961B2874BF0D00940B99 /* LoginViewController.h */,
				7E29961C2874BF0D00940B99 /* LoginViewController.m */,
				7E29961E2874D6CD00940B99 /* GamesViewController.h */,
				7E29961F2874D6CD00940B99 /* GamesViewController.m */,
				7E07F3CE2874B95C008DFE55 /* Main.storyboard */,
				7E2996272874D71C00940B99 /* SettingsViewController.h */,
				7E2996282874D71C00940B99 /* SettingsViewController.m */,
				7E2996242874D70B00940B99 /* SelfProfileViewController.h */,
				7E2996252874D70B00940B99 /* SelfProfileViewController.m */,
				7E2996212874D6EB00940B99 /* LeaderboardViewController.h */,
				7E2996222874D6EB00940B99 /* LeaderboardViewController.m */,
				7E07F3D12874B95D008DFE55 /* Assets.xcassets */,
				7E07F3D32874B95D008DFE55 /* LaunchScreen.storyboard */,
				7E07F3D62874B95D008DFE55 /* Info.plist */,
				7E07F3D72874B95D008DFE55 /* main.m */,
			);
			path = meta_capstone;
			sourceTree = "<group>";
		};
		7E07F3E02874B95D008DFE55 /* meta_capstoneTests */ = {
			isa = PBXGroup;
			children = (
				7E07F3E12874B95D008DFE55 /* meta_capstoneTests.m */,
			);
			path = meta_capstoneTests;
			sourceTree = "<group>";
		};
		7E07F3EA2874B95D008DFE55 /* meta_capstoneUITests */ = {
			isa = PBXGroup;
			children = (
				7E07F3EB2874B95D008DFE55 /* meta_capstoneUITests.m */,
				7E07F3ED2874B95D008DFE55 /* meta_capstoneUITestsLaunchTests.m */,
			);
			path = meta_capstoneUITests;
			sourceTree = "<group>";
		};
/* End PBXGroup section */

/* Begin PBXNativeTarget section */
		7E07F3C12874B95C008DFE55 /* meta_capstone */ = {
			isa = PBXNativeTarget;
			buildConfigurationList = 7E07F3F12874B95D008DFE55 /* Build configuration list for PBXNativeTarget "meta_capstone" */;
			buildPhases = (
				016FA5EF82F1440D3C19BD97 /* [CP] Check Pods Manifest.lock */,
				7E07F3BE2874B95C008DFE55 /* Sources */,
				7E07F3BF2874B95C008DFE55 /* Frameworks */,
				7E07F3C02874B95C008DFE55 /* Resources */,
				BD61CC788786766550861088 /* [CP] Embed Pods Frameworks */,
			);
			buildRules = (
			);
			dependencies = (
			);
			name = meta_capstone;
			productName = meta_capstone;
			productReference = 7E07F3C22874B95C008DFE55 /* meta_capstone.app */;
			productType = "com.apple.product-type.application";
		};
		7E07F3DC2874B95D008DFE55 /* meta_capstoneTests */ = {
			isa = PBXNativeTarget;
			buildConfigurationList = 7E07F3F42874B95D008DFE55 /* Build configuration list for PBXNativeTarget "meta_capstoneTests" */;
			buildPhases = (
				8BC016D8B32C9C833D53AAD3 /* [CP] Check Pods Manifest.lock */,
				7E07F3D92874B95D008DFE55 /* Sources */,
				7E07F3DA2874B95D008DFE55 /* Frameworks */,
				7E07F3DB2874B95D008DFE55 /* Resources */,
			);
			buildRules = (
			);
			dependencies = (
				7E07F3DF2874B95D008DFE55 /* PBXTargetDependency */,
			);
			name = meta_capstoneTests;
			productName = meta_capstoneTests;
			productReference = 7E07F3DD2874B95D008DFE55 /* meta_capstoneTests.xctest */;
			productType = "com.apple.product-type.bundle.unit-test";
		};
		7E07F3E62874B95D008DFE55 /* meta_capstoneUITests */ = {
			isa = PBXNativeTarget;
			buildConfigurationList = 7E07F3F72874B95D008DFE55 /* Build configuration list for PBXNativeTarget "meta_capstoneUITests" */;
			buildPhases = (
				2E0CC979CA1FE96C22DBF38B /* [CP] Check Pods Manifest.lock */,
				7E07F3E32874B95D008DFE55 /* Sources */,
				7E07F3E42874B95D008DFE55 /* Frameworks */,
				7E07F3E52874B95D008DFE55 /* Resources */,
				8B31A7F969021A7ACAA1800B /* [CP] Embed Pods Frameworks */,
			);
			buildRules = (
			);
			dependencies = (
				7E07F3E92874B95D008DFE55 /* PBXTargetDependency */,
			);
			name = meta_capstoneUITests;
			productName = meta_capstoneUITests;
			productReference = 7E07F3E72874B95D008DFE55 /* meta_capstoneUITests.xctest */;
			productType = "com.apple.product-type.bundle.ui-testing";
		};
/* End PBXNativeTarget section */

/* Begin PBXProject section */
		7E07F3BA2874B95C008DFE55 /* Project object */ = {
			isa = PBXProject;
			attributes = {
				BuildIndependentTargetsInParallel = 1;
				LastUpgradeCheck = 1340;
				TargetAttributes = {
					7E07F3C12874B95C008DFE55 = {
						CreatedOnToolsVersion = 13.4.1;
					};
					7E07F3DC2874B95D008DFE55 = {
						CreatedOnToolsVersion = 13.4.1;
						TestTargetID = 7E07F3C12874B95C008DFE55;
					};
					7E07F3E62874B95D008DFE55 = {
						CreatedOnToolsVersion = 13.4.1;
						TestTargetID = 7E07F3C12874B95C008DFE55;
					};
				};
			};
			buildConfigurationList = 7E07F3BD2874B95C008DFE55 /* Build configuration list for PBXProject "meta_capstone" */;
			compatibilityVersion = "Xcode 13.0";
			developmentRegion = en;
			hasScannedForEncodings = 0;
			knownRegions = (
				en,
				Base,
			);
			mainGroup = 7E07F3B92874B95C008DFE55;
			productRefGroup = 7E07F3C32874B95C008DFE55 /* Products */;
			projectDirPath = "";
			projectRoot = "";
			targets = (
				7E07F3C12874B95C008DFE55 /* meta_capstone */,
				7E07F3DC2874B95D008DFE55 /* meta_capstoneTests */,
				7E07F3E62874B95D008DFE55 /* meta_capstoneUITests */,
			);
		};
/* End PBXProject section */

/* Begin PBXResourcesBuildPhase section */
		7E07F3C02874B95C008DFE55 /* Resources */ = {
			isa = PBXResourcesBuildPhase;
			buildActionMask = 2147483647;
			files = (
				7E07F3D52874B95D008DFE55 /* LaunchScreen.storyboard in Resources */,
				7E07F3D22874B95D008DFE55 /* Assets.xcassets in Resources */,
				7E07F3D02874B95C008DFE55 /* Main.storyboard in Resources */,
			);
			runOnlyForDeploymentPostprocessing = 0;
		};
		7E07F3DB2874B95D008DFE55 /* Resources */ = {
			isa = PBXResourcesBuildPhase;
			buildActionMask = 2147483647;
			files = (
			);
			runOnlyForDeploymentPostprocessing = 0;
		};
		7E07F3E52874B95D008DFE55 /* Resources */ = {
			isa = PBXResourcesBuildPhase;
			buildActionMask = 2147483647;
			files = (
			);
			runOnlyForDeploymentPostprocessing = 0;
		};
/* End PBXResourcesBuildPhase section */

/* Begin PBXShellScriptBuildPhase section */
		016FA5EF82F1440D3C19BD97 /* [CP] Check Pods Manifest.lock */ = {
			isa = PBXShellScriptBuildPhase;
			buildActionMask = 2147483647;
			files = (
			);
			inputFileListPaths = (
			);
			inputPaths = (
				"${PODS_PODFILE_DIR_PATH}/Podfile.lock",
				"${PODS_ROOT}/Manifest.lock",
			);
			name = "[CP] Check Pods Manifest.lock";
			outputFileListPaths = (
			);
			outputPaths = (
				"$(DERIVED_FILE_DIR)/Pods-meta_capstone-checkManifestLockResult.txt",
			);
			runOnlyForDeploymentPostprocessing = 0;
			shellPath = /bin/sh;
			shellScript = "diff \"${PODS_PODFILE_DIR_PATH}/Podfile.lock\" \"${PODS_ROOT}/Manifest.lock\" > /dev/null\nif [ $? != 0 ] ; then\n    # print error to STDERR\n    echo \"error: The sandbox is not in sync with the Podfile.lock. Run 'pod install' or update your CocoaPods installation.\" >&2\n    exit 1\nfi\n# This output is used by Xcode 'outputs' to avoid re-running this script phase.\necho \"SUCCESS\" > \"${SCRIPT_OUTPUT_FILE_0}\"\n";
			showEnvVarsInLog = 0;
		};
		2E0CC979CA1FE96C22DBF38B /* [CP] Check Pods Manifest.lock */ = {
			isa = PBXShellScriptBuildPhase;
			buildActionMask = 2147483647;
			files = (
			);
			inputFileListPaths = (
			);
			inputPaths = (
				"${PODS_PODFILE_DIR_PATH}/Podfile.lock",
				"${PODS_ROOT}/Manifest.lock",
			);
			name = "[CP] Check Pods Manifest.lock";
			outputFileListPaths = (
			);
			outputPaths = (
				"$(DERIVED_FILE_DIR)/Pods-meta_capstone-meta_capstoneUITests-checkManifestLockResult.txt",
			);
			runOnlyForDeploymentPostprocessing = 0;
			shellPath = /bin/sh;
			shellScript = "diff \"${PODS_PODFILE_DIR_PATH}/Podfile.lock\" \"${PODS_ROOT}/Manifest.lock\" > /dev/null\nif [ $? != 0 ] ; then\n    # print error to STDERR\n    echo \"error: The sandbox is not in sync with the Podfile.lock. Run 'pod install' or update your CocoaPods installation.\" >&2\n    exit 1\nfi\n# This output is used by Xcode 'outputs' to avoid re-running this script phase.\necho \"SUCCESS\" > \"${SCRIPT_OUTPUT_FILE_0}\"\n";
			showEnvVarsInLog = 0;
		};
		8B31A7F969021A7ACAA1800B /* [CP] Embed Pods Frameworks */ = {
			isa = PBXShellScriptBuildPhase;
			buildActionMask = 2147483647;
			files = (
			);
			inputFileListPaths = (
				"${PODS_ROOT}/Target Support Files/Pods-meta_capstone-meta_capstoneUITests/Pods-meta_capstone-meta_capstoneUITests-frameworks-${CONFIGURATION}-input-files.xcfilelist",
			);
			name = "[CP] Embed Pods Frameworks";
			outputFileListPaths = (
				"${PODS_ROOT}/Target Support Files/Pods-meta_capstone-meta_capstoneUITests/Pods-meta_capstone-meta_capstoneUITests-frameworks-${CONFIGURATION}-output-files.xcfilelist",
			);
			runOnlyForDeploymentPostprocessing = 0;
			shellPath = /bin/sh;
			shellScript = "\"${PODS_ROOT}/Target Support Files/Pods-meta_capstone-meta_capstoneUITests/Pods-meta_capstone-meta_capstoneUITests-frameworks.sh\"\n";
			showEnvVarsInLog = 0;
		};
		8BC016D8B32C9C833D53AAD3 /* [CP] Check Pods Manifest.lock */ = {
			isa = PBXShellScriptBuildPhase;
			buildActionMask = 2147483647;
			files = (
			);
			inputFileListPaths = (
			);
			inputPaths = (
				"${PODS_PODFILE_DIR_PATH}/Podfile.lock",
				"${PODS_ROOT}/Manifest.lock",
			);
			name = "[CP] Check Pods Manifest.lock";
			outputFileListPaths = (
			);
			outputPaths = (
				"$(DERIVED_FILE_DIR)/Pods-meta_capstoneTests-checkManifestLockResult.txt",
			);
			runOnlyForDeploymentPostprocessing = 0;
			shellPath = /bin/sh;
			shellScript = "diff \"${PODS_PODFILE_DIR_PATH}/Podfile.lock\" \"${PODS_ROOT}/Manifest.lock\" > /dev/null\nif [ $? != 0 ] ; then\n    # print error to STDERR\n    echo \"error: The sandbox is not in sync with the Podfile.lock. Run 'pod install' or update your CocoaPods installation.\" >&2\n    exit 1\nfi\n# This output is used by Xcode 'outputs' to avoid re-running this script phase.\necho \"SUCCESS\" > \"${SCRIPT_OUTPUT_FILE_0}\"\n";
			showEnvVarsInLog = 0;
		};
		BD61CC788786766550861088 /* [CP] Embed Pods Frameworks */ = {
			isa = PBXShellScriptBuildPhase;
			buildActionMask = 2147483647;
			files = (
			);
			inputFileListPaths = (
				"${PODS_ROOT}/Target Support Files/Pods-meta_capstone/Pods-meta_capstone-frameworks-${CONFIGURATION}-input-files.xcfilelist",
			);
			name = "[CP] Embed Pods Frameworks";
			outputFileListPaths = (
				"${PODS_ROOT}/Target Support Files/Pods-meta_capstone/Pods-meta_capstone-frameworks-${CONFIGURATION}-output-files.xcfilelist",
			);
			runOnlyForDeploymentPostprocessing = 0;
			shellPath = /bin/sh;
			shellScript = "\"${PODS_ROOT}/Target Support Files/Pods-meta_capstone/Pods-meta_capstone-frameworks.sh\"\n";
			showEnvVarsInLog = 0;
		};
/* End PBXShellScriptBuildPhase section */

/* Begin PBXSourcesBuildPhase section */
		7E07F3BE2874B95C008DFE55 /* Sources */ = {
			isa = PBXSourcesBuildPhase;
			buildActionMask = 2147483647;
			files = (
				7E2996232874D6EB00940B99 /* LeaderboardViewController.m in Sources */,
				7E29961D2874BF0D00940B99 /* LoginViewController.m in Sources */,
				7E07F3C72874B95C008DFE55 /* AppDelegate.m in Sources */,
				7E2996292874D71C00940B99 /* SettingsViewController.m in Sources */,
				7E07F3D82874B95D008DFE55 /* main.m in Sources */,
				7E2996202874D6CD00940B99 /* GamesViewController.m in Sources */,
				7E2996262874D70B00940B99 /* SelfProfileViewController.m in Sources */,
				7E07F3CA2874B95C008DFE55 /* SceneDelegate.m in Sources */,
			);
			runOnlyForDeploymentPostprocessing = 0;
		};
		7E07F3D92874B95D008DFE55 /* Sources */ = {
			isa = PBXSourcesBuildPhase;
			buildActionMask = 2147483647;
			files = (
				7E07F3E22874B95D008DFE55 /* meta_capstoneTests.m in Sources */,
			);
			runOnlyForDeploymentPostprocessing = 0;
		};
		7E07F3E32874B95D008DFE55 /* Sources */ = {
			isa = PBXSourcesBuildPhase;
			buildActionMask = 2147483647;
			files = (
				7E07F3EE2874B95D008DFE55 /* meta_capstoneUITestsLaunchTests.m in Sources */,
				7E07F3EC2874B95D008DFE55 /* meta_capstoneUITests.m in Sources */,
			);
			runOnlyForDeploymentPostprocessing = 0;
		};
/* End PBXSourcesBuildPhase section */

/* Begin PBXTargetDependency section */
		7E07F3DF2874B95D008DFE55 /* PBXTargetDependency */ = {
			isa = PBXTargetDependency;
			target = 7E07F3C12874B95C008DFE55 /* meta_capstone */;
			targetProxy = 7E07F3DE2874B95D008DFE55 /* PBXContainerItemProxy */;
		};
		7E07F3E92874B95D008DFE55 /* PBXTargetDependency */ = {
			isa = PBXTargetDependency;
			target = 7E07F3C12874B95C008DFE55 /* meta_capstone */;
			targetProxy = 7E07F3E82874B95D008DFE55 /* PBXContainerItemProxy */;
		};
/* End PBXTargetDependency section */

/* Begin PBXVariantGroup section */
		7E07F3CE2874B95C008DFE55 /* Main.storyboard */ = {
			isa = PBXVariantGroup;
			children = (
				7E07F3CF2874B95C008DFE55 /* Base */,
			);
			name = Main.storyboard;
			sourceTree = "<group>";
		};
		7E07F3D32874B95D008DFE55 /* LaunchScreen.storyboard */ = {
			isa = PBXVariantGroup;
			children = (
				7E07F3D42874B95D008DFE55 /* Base */,
			);
			name = LaunchScreen.storyboard;
			sourceTree = "<group>";
		};
/* End PBXVariantGroup section */

/* Begin XCBuildConfiguration section */
		7E07F3EF2874B95D008DFE55 /* Debug */ = {
			isa = XCBuildConfiguration;
			buildSettings = {
				ALWAYS_SEARCH_USER_PATHS = NO;
				CLANG_ANALYZER_NONNULL = YES;
				CLANG_ANALYZER_NUMBER_OBJECT_CONVERSION = YES_AGGRESSIVE;
				CLANG_CXX_LANGUAGE_STANDARD = "gnu++17";
				CLANG_ENABLE_MODULES = YES;
				CLANG_ENABLE_OBJC_ARC = YES;
				CLANG_ENABLE_OBJC_WEAK = YES;
				CLANG_WARN_BLOCK_CAPTURE_AUTORELEASING = YES;
				CLANG_WARN_BOOL_CONVERSION = YES;
				CLANG_WARN_COMMA = YES;
				CLANG_WARN_CONSTANT_CONVERSION = YES;
				CLANG_WARN_DEPRECATED_OBJC_IMPLEMENTATIONS = YES;
				CLANG_WARN_DIRECT_OBJC_ISA_USAGE = YES_ERROR;
				CLANG_WARN_DOCUMENTATION_COMMENTS = YES;
				CLANG_WARN_EMPTY_BODY = YES;
				CLANG_WARN_ENUM_CONVERSION = YES;
				CLANG_WARN_INFINITE_RECURSION = YES;
				CLANG_WARN_INT_CONVERSION = YES;
				CLANG_WARN_NON_LITERAL_NULL_CONVERSION = YES;
				CLANG_WARN_OBJC_IMPLICIT_RETAIN_SELF = YES;
				CLANG_WARN_OBJC_LITERAL_CONVERSION = YES;
				CLANG_WARN_OBJC_ROOT_CLASS = YES_ERROR;
				CLANG_WARN_QUOTED_INCLUDE_IN_FRAMEWORK_HEADER = YES;
				CLANG_WARN_RANGE_LOOP_ANALYSIS = YES;
				CLANG_WARN_STRICT_PROTOTYPES = YES;
				CLANG_WARN_SUSPICIOUS_MOVE = YES;
				CLANG_WARN_UNGUARDED_AVAILABILITY = YES_AGGRESSIVE;
				CLANG_WARN_UNREACHABLE_CODE = YES;
				CLANG_WARN__DUPLICATE_METHOD_MATCH = YES;
				COPY_PHASE_STRIP = NO;
				DEBUG_INFORMATION_FORMAT = dwarf;
				ENABLE_STRICT_OBJC_MSGSEND = YES;
				ENABLE_TESTABILITY = YES;
				GCC_C_LANGUAGE_STANDARD = gnu11;
				GCC_DYNAMIC_NO_PIC = NO;
				GCC_NO_COMMON_BLOCKS = YES;
				GCC_OPTIMIZATION_LEVEL = 0;
				GCC_PREPROCESSOR_DEFINITIONS = (
					"DEBUG=1",
					"$(inherited)",
				);
				GCC_WARN_64_TO_32_BIT_CONVERSION = YES;
				GCC_WARN_ABOUT_RETURN_TYPE = YES_ERROR;
				GCC_WARN_UNDECLARED_SELECTOR = YES;
				GCC_WARN_UNINITIALIZED_AUTOS = YES_AGGRESSIVE;
				GCC_WARN_UNUSED_FUNCTION = YES;
				GCC_WARN_UNUSED_VARIABLE = YES;
				IPHONEOS_DEPLOYMENT_TARGET = 15.5;
				MTL_ENABLE_DEBUG_INFO = INCLUDE_SOURCE;
				MTL_FAST_MATH = YES;
				ONLY_ACTIVE_ARCH = YES;
				SDKROOT = iphoneos;
			};
			name = Debug;
		};
		7E07F3F02874B95D008DFE55 /* Release */ = {
			isa = XCBuildConfiguration;
			buildSettings = {
				ALWAYS_SEARCH_USER_PATHS = NO;
				CLANG_ANALYZER_NONNULL = YES;
				CLANG_ANALYZER_NUMBER_OBJECT_CONVERSION = YES_AGGRESSIVE;
				CLANG_CXX_LANGUAGE_STANDARD = "gnu++17";
				CLANG_ENABLE_MODULES = YES;
				CLANG_ENABLE_OBJC_ARC = YES;
				CLANG_ENABLE_OBJC_WEAK = YES;
				CLANG_WARN_BLOCK_CAPTURE_AUTORELEASING = YES;
				CLANG_WARN_BOOL_CONVERSION = YES;
				CLANG_WARN_COMMA = YES;
				CLANG_WARN_CONSTANT_CONVERSION = YES;
				CLANG_WARN_DEPRECATED_OBJC_IMPLEMENTATIONS = YES;
				CLANG_WARN_DIRECT_OBJC_ISA_USAGE = YES_ERROR;
				CLANG_WARN_DOCUMENTATION_COMMENTS = YES;
				CLANG_WARN_EMPTY_BODY = YES;
				CLANG_WARN_ENUM_CONVERSION = YES;
				CLANG_WARN_INFINITE_RECURSION = YES;
				CLANG_WARN_INT_CONVERSION = YES;
				CLANG_WARN_NON_LITERAL_NULL_CONVERSION = YES;
				CLANG_WARN_OBJC_IMPLICIT_RETAIN_SELF = YES;
				CLANG_WARN_OBJC_LITERAL_CONVERSION = YES;
				CLANG_WARN_OBJC_ROOT_CLASS = YES_ERROR;
				CLANG_WARN_QUOTED_INCLUDE_IN_FRAMEWORK_HEADER = YES;
				CLANG_WARN_RANGE_LOOP_ANALYSIS = YES;
				CLANG_WARN_STRICT_PROTOTYPES = YES;
				CLANG_WARN_SUSPICIOUS_MOVE = YES;
				CLANG_WARN_UNGUARDED_AVAILABILITY = YES_AGGRESSIVE;
				CLANG_WARN_UNREACHABLE_CODE = YES;
				CLANG_WARN__DUPLICATE_METHOD_MATCH = YES;
				COPY_PHASE_STRIP = NO;
				DEBUG_INFORMATION_FORMAT = "dwarf-with-dsym";
				ENABLE_NS_ASSERTIONS = NO;
				ENABLE_STRICT_OBJC_MSGSEND = YES;
				GCC_C_LANGUAGE_STANDARD = gnu11;
				GCC_NO_COMMON_BLOCKS = YES;
				GCC_WARN_64_TO_32_BIT_CONVERSION = YES;
				GCC_WARN_ABOUT_RETURN_TYPE = YES_ERROR;
				GCC_WARN_UNDECLARED_SELECTOR = YES;
				GCC_WARN_UNINITIALIZED_AUTOS = YES_AGGRESSIVE;
				GCC_WARN_UNUSED_FUNCTION = YES;
				GCC_WARN_UNUSED_VARIABLE = YES;
				IPHONEOS_DEPLOYMENT_TARGET = 15.5;
				MTL_ENABLE_DEBUG_INFO = NO;
				MTL_FAST_MATH = YES;
				SDKROOT = iphoneos;
				VALIDATE_PRODUCT = YES;
			};
			name = Release;
		};
		7E07F3F22874B95D008DFE55 /* Debug */ = {
			isa = XCBuildConfiguration;
			baseConfigurationReference = 3A0064E90409A061FED3AAA1 /* Pods-meta_capstone.debug.xcconfig */;
			buildSettings = {
				ASSETCATALOG_COMPILER_APPICON_NAME = AppIcon;
				ASSETCATALOG_COMPILER_GLOBAL_ACCENT_COLOR_NAME = AccentColor;
				CODE_SIGN_ENTITLEMENTS = meta_capstone/meta_capstone.entitlements;
				CODE_SIGN_STYLE = Automatic;
				CURRENT_PROJECT_VERSION = 1;
				DEVELOPMENT_TEAM = U8WH5D6D56;
				GENERATE_INFOPLIST_FILE = YES;
				INFOPLIST_FILE = meta_capstone/Info.plist;
				INFOPLIST_KEY_UIApplicationSupportsIndirectInputEvents = YES;
				INFOPLIST_KEY_UILaunchStoryboardName = LaunchScreen;
				INFOPLIST_KEY_UIMainStoryboardFile = Main;
				INFOPLIST_KEY_UISupportedInterfaceOrientations_iPad = "UIInterfaceOrientationPortrait UIInterfaceOrientationPortraitUpsideDown UIInterfaceOrientationLandscapeLeft UIInterfaceOrientationLandscapeRight";
				INFOPLIST_KEY_UISupportedInterfaceOrientations_iPhone = "UIInterfaceOrientationPortrait UIInterfaceOrientationLandscapeLeft UIInterfaceOrientationLandscapeRight";
				LD_RUNPATH_SEARCH_PATHS = (
					"$(inherited)",
					"@executable_path/Frameworks",
				);
				MARKETING_VERSION = 1.0;
				PRODUCT_BUNDLE_IDENTIFIER = "meta.meta-capstone";
				PRODUCT_NAME = "$(TARGET_NAME)";
				SWIFT_EMIT_LOC_STRINGS = YES;
				TARGETED_DEVICE_FAMILY = "1,2";
			};
			name = Debug;
		};
		7E07F3F32874B95D008DFE55 /* Release */ = {
			isa = XCBuildConfiguration;
			baseConfigurationReference = 3BA2E3E8186259EB3DCFF9BE /* Pods-meta_capstone.release.xcconfig */;
			buildSettings = {
				ASSETCATALOG_COMPILER_APPICON_NAME = AppIcon;
				ASSETCATALOG_COMPILER_GLOBAL_ACCENT_COLOR_NAME = AccentColor;
				CODE_SIGN_ENTITLEMENTS = meta_capstone/meta_capstone.entitlements;
				CODE_SIGN_STYLE = Automatic;
				CURRENT_PROJECT_VERSION = 1;
				DEVELOPMENT_TEAM = U8WH5D6D56;
				GENERATE_INFOPLIST_FILE = YES;
				INFOPLIST_FILE = meta_capstone/Info.plist;
				INFOPLIST_KEY_UIApplicationSupportsIndirectInputEvents = YES;
				INFOPLIST_KEY_UILaunchStoryboardName = LaunchScreen;
				INFOPLIST_KEY_UIMainStoryboardFile = Main;
				INFOPLIST_KEY_UISupportedInterfaceOrientations_iPad = "UIInterfaceOrientationPortrait UIInterfaceOrientationPortraitUpsideDown UIInterfaceOrientationLandscapeLeft UIInterfaceOrientationLandscapeRight";
				INFOPLIST_KEY_UISupportedInterfaceOrientations_iPhone = "UIInterfaceOrientationPortrait UIInterfaceOrientationLandscapeLeft UIInterfaceOrientationLandscapeRight";
				LD_RUNPATH_SEARCH_PATHS = (
					"$(inherited)",
					"@executable_path/Frameworks",
				);
				MARKETING_VERSION = 1.0;
				PRODUCT_BUNDLE_IDENTIFIER = "meta.meta-capstone";
				PRODUCT_NAME = "$(TARGET_NAME)";
				SWIFT_EMIT_LOC_STRINGS = YES;
				TARGETED_DEVICE_FAMILY = "1,2";
			};
			name = Release;
		};
		7E07F3F52874B95D008DFE55 /* Debug */ = {
			isa = XCBuildConfiguration;
			baseConfigurationReference = C42136471466BBEC7967B215 /* Pods-meta_capstoneTests.debug.xcconfig */;
			buildSettings = {
				BUNDLE_LOADER = "$(TEST_HOST)";
				CODE_SIGN_STYLE = Automatic;
				CURRENT_PROJECT_VERSION = 1;
				DEVELOPMENT_TEAM = U8WH5D6D56;
				GENERATE_INFOPLIST_FILE = YES;
				IPHONEOS_DEPLOYMENT_TARGET = 15.5;
				MARKETING_VERSION = 1.0;
				PRODUCT_BUNDLE_IDENTIFIER = "meta.meta-capstoneTests";
				PRODUCT_NAME = "$(TARGET_NAME)";
				SWIFT_EMIT_LOC_STRINGS = NO;
				TARGETED_DEVICE_FAMILY = "1,2";
				TEST_HOST = "$(BUILT_PRODUCTS_DIR)/meta_capstone.app/meta_capstone";
			};
			name = Debug;
		};
		7E07F3F62874B95D008DFE55 /* Release */ = {
			isa = XCBuildConfiguration;
			baseConfigurationReference = 30A30C5805962402C98DAD5B /* Pods-meta_capstoneTests.release.xcconfig */;
			buildSettings = {
				BUNDLE_LOADER = "$(TEST_HOST)";
				CODE_SIGN_STYLE = Automatic;
				CURRENT_PROJECT_VERSION = 1;
				DEVELOPMENT_TEAM = U8WH5D6D56;
				GENERATE_INFOPLIST_FILE = YES;
				IPHONEOS_DEPLOYMENT_TARGET = 15.5;
				MARKETING_VERSION = 1.0;
				PRODUCT_BUNDLE_IDENTIFIER = "meta.meta-capstoneTests";
				PRODUCT_NAME = "$(TARGET_NAME)";
				SWIFT_EMIT_LOC_STRINGS = NO;
				TARGETED_DEVICE_FAMILY = "1,2";
				TEST_HOST = "$(BUILT_PRODUCTS_DIR)/meta_capstone.app/meta_capstone";
			};
			name = Release;
		};
		7E07F3F82874B95D008DFE55 /* Debug */ = {
			isa = XCBuildConfiguration;
			baseConfigurationReference = 35D670C246A3B61D29B0BE8B /* Pods-meta_capstone-meta_capstoneUITests.debug.xcconfig */;
			buildSettings = {
				CODE_SIGN_STYLE = Automatic;
				CURRENT_PROJECT_VERSION = 1;
				DEVELOPMENT_TEAM = U8WH5D6D56;
				GENERATE_INFOPLIST_FILE = YES;
				MARKETING_VERSION = 1.0;
				PRODUCT_BUNDLE_IDENTIFIER = "meta.meta-capstoneUITests";
				PRODUCT_NAME = "$(TARGET_NAME)";
				SWIFT_EMIT_LOC_STRINGS = NO;
				TARGETED_DEVICE_FAMILY = "1,2";
				TEST_TARGET_NAME = meta_capstone;
			};
			name = Debug;
		};
		7E07F3F92874B95D008DFE55 /* Release */ = {
			isa = XCBuildConfiguration;
			baseConfigurationReference = 6E8185BEB9BE0D0D2C022AE6 /* Pods-meta_capstone-meta_capstoneUITests.release.xcconfig */;
			buildSettings = {
				CODE_SIGN_STYLE = Automatic;
				CURRENT_PROJECT_VERSION = 1;
				DEVELOPMENT_TEAM = U8WH5D6D56;
				GENERATE_INFOPLIST_FILE = YES;
				MARKETING_VERSION = 1.0;
				PRODUCT_BUNDLE_IDENTIFIER = "meta.meta-capstoneUITests";
				PRODUCT_NAME = "$(TARGET_NAME)";
				SWIFT_EMIT_LOC_STRINGS = NO;
				TARGETED_DEVICE_FAMILY = "1,2";
				TEST_TARGET_NAME = meta_capstone;
			};
			name = Release;
		};
/* End XCBuildConfiguration section */

/* Begin XCConfigurationList section */
		7E07F3BD2874B95C008DFE55 /* Build configuration list for PBXProject "meta_capstone" */ = {
			isa = XCConfigurationList;
			buildConfigurations = (
				7E07F3EF2874B95D008DFE55 /* Debug */,
				7E07F3F02874B95D008DFE55 /* Release */,
			);
			defaultConfigurationIsVisible = 0;
			defaultConfigurationName = Release;
		};
		7E07F3F12874B95D008DFE55 /* Build configuration list for PBXNativeTarget "meta_capstone" */ = {
			isa = XCConfigurationList;
			buildConfigurations = (
				7E07F3F22874B95D008DFE55 /* Debug */,
				7E07F3F32874B95D008DFE55 /* Release */,
			);
			defaultConfigurationIsVisible = 0;
			defaultConfigurationName = Release;
		};
		7E07F3F42874B95D008DFE55 /* Build configuration list for PBXNativeTarget "meta_capstoneTests" */ = {
			isa = XCConfigurationList;
			buildConfigurations = (
				7E07F3F52874B95D008DFE55 /* Debug */,
				7E07F3F62874B95D008DFE55 /* Release */,
			);
			defaultConfigurationIsVisible = 0;
			defaultConfigurationName = Release;
		};
		7E07F3F72874B95D008DFE55 /* Build configuration list for PBXNativeTarget "meta_capstoneUITests" */ = {
			isa = XCConfigurationList;
			buildConfigurations = (
				7E07F3F82874B95D008DFE55 /* Debug */,
				7E07F3F92874B95D008DFE55 /* Release */,
			);
			defaultConfigurationIsVisible = 0;
			defaultConfigurationName = Release;
		};
/* End XCConfigurationList section */
	};
	rootObject = 7E07F3BA2874B95C008DFE55 /* Project object */;
}
